
Microsoft Visual Studio Solution File, Format Version 10.00
# Visual C# Express 2008
Project("{FAE04EC0-301F-11D3-BF4B-00C04F79EFBC}") = "YamlSerializer", "YamlSerializer\YamlSerializer.csproj", "{AD9F3A60-C492-4823-8F24-6F4854E7CBF5}"
EndProject
Project("{FAE04EC0-301F-11D3-BF4B-00C04F79EFBC}") = "YamlSerializerTest", "YamlSerializerTest\YamlSerializerTest.csproj", "{6F4477E5-DCC3-4F26-B51A-3C9C1B8AF395}"
EndProject
Project("{FAE04EC0-301F-11D3-BF4B-00C04F79EFBC}") = "YamlSerializerTestRunner", "YamlSerializerTestRunner\YamlSerializerTestRunner.csproj", "{3291F4C9-86C7-4D31-9B6D-515AD21D82E9}"
EndProject
Global
	GlobalSection(SolutionConfigurationPlatforms) = preSolution
		Debug|Any CPU = Debug|Any CPU
		Release|Any CPU = Release|Any CPU
	EndGlobalSection
	GlobalSection(ProjectConfigurationPlatforms) = postSolution
		{AD9F3A60-C492-4823-8F24-6F4854E7CBF5}.Debug|Any CPU.ActiveCfg = Debug|Any CPU
		{AD9F3A60-C492-4823-8F24-6F4854E7CBF5}.Debug|Any CPU.Build.0 = Debug|Any CPU
		{AD9F3A60-C492-4823-8F24-6F4854E7CBF5}.Release|Any CPU.ActiveCfg = Release|Any CPU
		{AD9F3A60-C492-4823-8F24-6F4854E7CBF5}.Release|Any CPU.Build.0 = Release|Any CPU
		{6F4477E5-DCC3-4F26-B51A-3C9C1B8AF395}.Debug|Any CPU.ActiveCfg = Debug|Any CPU
		{6F4477E5-DCC3-4F26-B51A-3C9C1B8AF395}.Debug|Any CPU.Build.0 = Debug|Any CPU
		{6F4477E5-DCC3-4F26-B51A-3C9C1B8AF395}.Release|Any CPU.ActiveCfg = Release|Any CPU
		{3291F4C9-86C7-4D31-9B6D-515AD21D82E9}.Debug|Any CPU.ActiveCfg = Debug|Any CPU
		{3291F4C9-86C7-4D31-9B6D-515AD21D82E9}.Debug|Any CPU.Build.0 = Debug|Any CPU
		{3291F4C9-86C7-4D31-9B6D-515AD21D82E9}.Release|Any CPU.ActiveCfg = Release|Any CPU
	EndGlobalSection
	GlobalSection(SolutionProperties) = preSolution
		HideSolutionNode = FALSE
	EndGlobalSection
EndGlobal
